# This file is automatically @generated by Cargo.
# It is not intended for manual editing.
version = 3

[[package]]
name = "aho-corasick"
version = "1.1.2"
source = "registry+https://github.com/rust-lang/crates.io-index"
checksum = "b2969dcb958b36655471fc61f7e416fa76033bdd4bfed0678d8fee1e2d07a1f0"
dependencies = [
 "memchr",
]

[[package]]
name = "anstream"
version = "0.6.18"
source = "registry+https://github.com/rust-lang/crates.io-index"
checksum = "8acc5369981196006228e28809f761875c0327210a891e941f4c683b3a99529b"
dependencies = [
 "anstyle",
 "anstyle-parse",
 "anstyle-query",
 "anstyle-wincon",
 "colorchoice",
 "is_terminal_polyfill",
 "utf8parse",
]

[[package]]
name = "anstyle"
version = "1.0.10"
source = "registry+https://github.com/rust-lang/crates.io-index"
checksum = "55cc3b69f167a1ef2e161439aa98aed94e6028e5f9a59be9a6ffb47aef1651f9"

[[package]]
name = "anstyle-parse"
version = "0.2.2"
source = "registry+https://github.com/rust-lang/crates.io-index"
checksum = "317b9a89c1868f5ea6ff1d9539a69f45dffc21ce321ac1fd1160dfa48c8e2140"
dependencies = [
 "utf8parse",
]

[[package]]
name = "anstyle-query"
version = "1.0.0"
source = "registry+https://github.com/rust-lang/crates.io-index"
checksum = "5ca11d4be1bab0c8bc8734a9aa7bf4ee8316d462a08c6ac5052f888fef5b494b"
dependencies = [
 "windows-sys 0.48.0",
]

[[package]]
name = "anstyle-wincon"
version = "3.0.6"
source = "registry+https://github.com/rust-lang/crates.io-index"
checksum = "2109dbce0e72be3ec00bed26e6a7479ca384ad226efdd66db8fa2e3a38c83125"
dependencies = [
 "anstyle",
 "windows-sys 0.59.0",
]

[[package]]
name = "async-signature"
version = "0.6.0-pre.4"
source = "registry+https://github.com/rust-lang/crates.io-index"
checksum = "f9bdb5df8dde2bd1ec515a0981636508bb37d55984d0bae3678d4ac859125431"
dependencies = [
 "signature",
]

[[package]]
name = "autocfg"
version = "1.1.0"
source = "registry+https://github.com/rust-lang/crates.io-index"
checksum = "d468802bab17cbc0cc575e9b053f41e72aa36bfa6b7f55e3529ffa43161b97fa"

[[package]]
name = "base16ct"
version = "0.2.0"
source = "registry+https://github.com/rust-lang/crates.io-index"
checksum = "4c7f02d4ea65f2c1853089ffd8d2787bdbc63de2f0d29dedbcf8ccdfa0ccd4cf"

[[package]]
name = "base64ct"
version = "1.6.0"
source = "registry+https://github.com/rust-lang/crates.io-index"
checksum = "8c3c1a368f70d6cf7302d78f8f7093da241fb8e8807c05cc9e51a125895a6d5b"

[[package]]
name = "bitflags"
version = "1.3.2"
source = "registry+https://github.com/rust-lang/crates.io-index"
checksum = "bef38d45163c2f1dde094a7dfd33ccf595c92905c8f8f4fdc18d06fb1037718a"

[[package]]
name = "bitflags"
version = "2.5.0"
source = "registry+https://github.com/rust-lang/crates.io-index"
checksum = "cf4b9d6a944f767f8e5e0db018570623c85f3d925ac718db4e06d0187adb21c1"

[[package]]
name = "block-buffer"
version = "0.11.0-rc.3"
source = "registry+https://github.com/rust-lang/crates.io-index"
checksum = "3fd016a0ddc7cb13661bf5576073ce07330a693f8608a1320b4e20561cc12cdc"
dependencies = [
 "hybrid-array",
]

[[package]]
name = "byteorder"
version = "1.5.0"
source = "registry+https://github.com/rust-lang/crates.io-index"
checksum = "1fd0f2584146f6f2ef48085050886acf353beff7305ebd1ae69500e27c67f64b"

[[package]]
name = "cfg-if"
version = "1.0.0"
source = "registry+https://github.com/rust-lang/crates.io-index"
checksum = "baf1de4339761588bc0619e3cbc0120ee582ebb74b53b4efbf79117bd2da40fd"

[[package]]
name = "cipher"
version = "0.5.0-pre.7"
source = "registry+https://github.com/rust-lang/crates.io-index"
checksum = "5b1425e6ce000f05a73096556cabcfb6a10a3ffe3bb4d75416ca8f00819c0b6a"
dependencies = [
 "crypto-common",
 "inout",
]

[[package]]
name = "clap"
version = "4.5.23"
source = "registry+https://github.com/rust-lang/crates.io-index"
checksum = "3135e7ec2ef7b10c6ed8950f0f792ed96ee093fa088608f1c76e569722700c84"
dependencies = [
 "clap_builder",
 "clap_derive",
]

[[package]]
name = "clap_builder"
version = "4.5.23"
source = "registry+https://github.com/rust-lang/crates.io-index"
checksum = "30582fc632330df2bd26877bde0c1f4470d57c582bbc070376afcd04d8cb4838"
dependencies = [
 "anstream",
 "anstyle",
 "clap_lex",
 "strsim",
]

[[package]]
name = "clap_derive"
version = "4.5.18"
source = "registry+https://github.com/rust-lang/crates.io-index"
checksum = "4ac6a0c7b1a9e9a5186361f67dfa1b88213572f427fb9ab038efb2bd8c582dab"
dependencies = [
 "heck",
 "proc-macro2",
 "quote",
 "syn",
]

[[package]]
name = "clap_lex"
version = "0.7.4"
source = "registry+https://github.com/rust-lang/crates.io-index"
checksum = "f46ad14479a25103f283c0f10005961cf086d8dc42205bb44c46ac563475dca6"

[[package]]
name = "colorchoice"
version = "1.0.0"
source = "registry+https://github.com/rust-lang/crates.io-index"
checksum = "acbf1af155f9b9ef647e42cdc158db4b64a1b61f743629225fde6f3e0be2a7c7"

[[package]]
name = "const-oid"
version = "0.10.0-rc.3"
source = "registry+https://github.com/rust-lang/crates.io-index"
checksum = "68ff6be19477a1bd5441f382916a89bc2a0b2c35db6d41e0f6e8538bf6d6463f"

[[package]]
name = "cpufeatures"
version = "0.2.11"
source = "registry+https://github.com/rust-lang/crates.io-index"
checksum = "ce420fe07aecd3e67c5f910618fe65e94158f6dcc0adf44e00d69ce2bdfe0fd0"
dependencies = [
 "libc",
]

[[package]]
name = "crypto-bigint"
version = "0.6.0-rc.6"
source = "registry+https://github.com/rust-lang/crates.io-index"
checksum = "d748d1f5b807ee6d0df5a548d0130417295c3aaed1dcbbb3d6a2e7106e11fcca"
dependencies = [
 "hybrid-array",
 "num-traits",
 "rand_core",
 "subtle",
 "zeroize",
]

[[package]]
name = "crypto-common"
version = "0.2.0-rc.1"
source = "registry+https://github.com/rust-lang/crates.io-index"
checksum = "b0b8ce8218c97789f16356e7896b3714f26c2ee1079b79c0b7ae7064bb9089fa"
dependencies = [
 "getrandom",
 "hybrid-array",
 "rand_core",
]

[[package]]
name = "der"
version = "0.8.0-rc.1"
source = "registry+https://github.com/rust-lang/crates.io-index"
checksum = "82db698b33305f0134faf590b9d1259dc171b5481ac41d5c8146c3b3ee7d4319"
dependencies = [
 "const-oid",
 "der_derive",
 "flagset",
 "pem-rfc7468",
 "zeroize",
]

[[package]]
name = "der_derive"
version = "0.8.0-rc.1"
source = "registry+https://github.com/rust-lang/crates.io-index"
checksum = "211bea8bb45f5f61bc857104606913ef8ac8b5ec698143aa2aa96a7ffdc94991"
dependencies = [
 "proc-macro2",
 "quote",
 "syn",
]

[[package]]
name = "des"
version = "0.9.0-pre.2"
source = "registry+https://github.com/rust-lang/crates.io-index"
checksum = "76239c731adb4b5204cfeec47bd06ec1071d9477a0d32bbb83dc7d8c599efe63"
dependencies = [
 "cipher",
]

[[package]]
name = "digest"
version = "0.11.0-pre.9"
source = "registry+https://github.com/rust-lang/crates.io-index"
checksum = "cf2e3d6615d99707295a9673e889bf363a04b2a466bd320c65a72536f7577379"
dependencies = [
 "block-buffer",
 "const-oid",
 "crypto-common",
 "subtle",
]

[[package]]
name = "ecdsa"
version = "0.17.0-pre.9"
source = "registry+https://github.com/rust-lang/crates.io-index"
checksum = "7e62f2041a28c40b8884b79fbd19bc7457d76c6397767831e9ff4029fc0473a9"
dependencies = [
 "der",
 "digest",
 "elliptic-curve",
 "rfc6979",
 "signature",
 "spki",
]

[[package]]
name = "elliptic-curve"
version = "0.14.0-rc.1"
source = "registry+https://github.com/rust-lang/crates.io-index"
checksum = "cc43715037532dc2d061e5c97e81b684c28993d52a4fa4eb7d2ce2826d78f2f2"
dependencies = [
 "base16ct",
 "crypto-bigint",
 "digest",
 "ff",
 "group",
 "hkdf",
 "hybrid-array",
 "pem-rfc7468",
 "pkcs8",
 "rand_core",
 "sec1",
 "subtle",
 "zeroize",
]

[[package]]
name = "env_filter"
version = "0.1.3"
source = "registry+https://github.com/rust-lang/crates.io-index"
checksum = "186e05a59d4c50738528153b83b0b0194d3a29507dfec16eccd4b342903397d0"
dependencies = [
 "log",
 "regex",
]

[[package]]
name = "env_logger"
version = "0.11.6"
source = "registry+https://github.com/rust-lang/crates.io-index"
checksum = "dcaee3d8e3cfc3fd92428d477bc97fc29ec8716d180c0d74c643bb26166660e0"
dependencies = [
 "anstream",
 "anstyle",
 "env_filter",
 "humantime",
 "log",
]

[[package]]
name = "ff"
version = "0.13.0"
source = "registry+https://github.com/rust-lang/crates.io-index"
checksum = "ded41244b729663b1e574f1b4fb731469f69f79c17667b5d776b16cda0479449"
dependencies = [
 "rand_core",
 "subtle",
]

[[package]]
name = "flagset"
version = "0.4.6"
source = "registry+https://github.com/rust-lang/crates.io-index"
checksum = "b3ea1ec5f8307826a5b71094dd91fc04d4ae75d5709b20ad351c7fb4815c86ec"

[[package]]
name = "getrandom"
version = "0.2.11"
source = "registry+https://github.com/rust-lang/crates.io-index"
checksum = "fe9006bed769170c11f845cf00c7c1e9092aeb3f268e007c3e760ac68008070f"
dependencies = [
 "cfg-if",
 "libc",
 "wasi",
]

[[package]]
name = "group"
version = "0.13.0"
source = "registry+https://github.com/rust-lang/crates.io-index"
checksum = "f0f9ef7462f7c099f518d754361858f86d8a07af53ba9af0fe635bbccb151a63"
dependencies = [
 "ff",
 "rand_core",
 "subtle",
]

[[package]]
name = "heck"
version = "0.5.0"
source = "registry+https://github.com/rust-lang/crates.io-index"
checksum = "2304e00983f87ffb38b55b444b5e3b60a884b5d30c0fca7d82fe33449bbe55ea"

[[package]]
name = "hkdf"
version = "0.13.0-pre.4"
source = "registry+https://github.com/rust-lang/crates.io-index"
checksum = "00176ff81091018d42ff82e8324f8e5adb0b7e0468d1358f653972562dbff031"
dependencies = [
 "hmac",
]

[[package]]
name = "hmac"
version = "0.13.0-pre.4"
source = "registry+https://github.com/rust-lang/crates.io-index"
checksum = "e4b1fb14e4df79f9406b434b60acef9f45c26c50062cccf1346c6103b8c47d58"
dependencies = [
 "digest",
]

[[package]]
name = "humantime"
version = "2.1.0"
source = "registry+https://github.com/rust-lang/crates.io-index"
checksum = "9a3a5bfb195931eeb336b2a7b4d761daec841b97f947d34394601737a7bba5e4"

[[package]]
name = "hybrid-array"
version = "0.2.1"
source = "registry+https://github.com/rust-lang/crates.io-index"
checksum = "45a9a965bb102c1c891fb017c09a05c965186b1265a207640f323ddd009f9deb"
dependencies = [
 "typenum",
 "zeroize",
]

[[package]]
name = "inout"
version = "0.2.0-rc.2"
source = "registry+https://github.com/rust-lang/crates.io-index"
checksum = "14db49369b2c3f15deb5806de446e05c7f07a2d778b54b278c994fcd1d686f31"
dependencies = [
 "hybrid-array",
]

[[package]]
name = "is_terminal_polyfill"
version = "1.70.1"
source = "registry+https://github.com/rust-lang/crates.io-index"
checksum = "7943c866cc5cd64cbc25b2e01621d07fa8eb2a1a23160ee81ce38704e97b8ecf"

[[package]]
name = "lazy_static"
version = "1.4.0"
source = "registry+https://github.com/rust-lang/crates.io-index"
checksum = "e2abad23fbc42b3700f2f279844dc832adb2b2eb069b2df918f455c4e18cc646"
dependencies = [
 "spin",
]

[[package]]
name = "libc"
version = "0.2.150"
source = "registry+https://github.com/rust-lang/crates.io-index"
checksum = "89d92a4743f9a61002fae18374ed11e7973f530cb3a3255fb354818118b2203c"

[[package]]
name = "libm"
version = "0.2.8"
source = "registry+https://github.com/rust-lang/crates.io-index"
checksum = "4ec2a862134d2a7d32d7983ddcdd1c4923530833c9f2ea1a44fc5fa473989058"

[[package]]
name = "log"
version = "0.4.22"
source = "registry+https://github.com/rust-lang/crates.io-index"
checksum = "a7a70ba024b9dc04c27ea2f0c0548feb474ec5c54bba33a7f72f873a39d07b24"

[[package]]
name = "memchr"
version = "2.6.4"
source = "registry+https://github.com/rust-lang/crates.io-index"
checksum = "f665ee40bc4a3c5590afb1e9677db74a508659dfd71e126420da8274909a0167"

[[package]]
name = "minimal-lexical"
version = "0.2.1"
source = "registry+https://github.com/rust-lang/crates.io-index"
checksum = "68354c5c6bd36d73ff3feceb05efa59b6acb7626617f4962be322a825e61f79a"

[[package]]
name = "nom"
version = "7.1.3"
source = "registry+https://github.com/rust-lang/crates.io-index"
checksum = "d273983c5a657a70a3e8f2a01329822f3b8c8172b73826411a55751e404a0a4a"
dependencies = [
 "memchr",
 "minimal-lexical",
]

[[package]]
name = "num-bigint-dig"
version = "0.8.4"
source = "registry+https://github.com/rust-lang/crates.io-index"
checksum = "dc84195820f291c7697304f3cbdadd1cb7199c0efc917ff5eafd71225c136151"
dependencies = [
 "byteorder",
 "lazy_static",
 "libm",
 "num-integer",
 "num-iter",
 "num-traits",
 "rand",
 "serde",
 "smallvec",
 "zeroize",
]

[[package]]
name = "num-integer"
version = "0.1.45"
source = "registry+https://github.com/rust-lang/crates.io-index"
checksum = "225d3389fb3509a24c93f5c29eb6bde2586b98d9f016636dff58d7c6f7569cd9"
dependencies = [
 "autocfg",
 "num-traits",
]

[[package]]
name = "num-iter"
version = "0.1.43"
source = "registry+https://github.com/rust-lang/crates.io-index"
checksum = "7d03e6c028c5dc5cac6e2dec0efda81fc887605bb3d884578bb6d6bf7514e252"
dependencies = [
 "autocfg",
 "num-integer",
 "num-traits",
]

[[package]]
name = "num-traits"
version = "0.2.19"
source = "registry+https://github.com/rust-lang/crates.io-index"
checksum = "071dfc062690e90b734c0b2273ce72ad0ffa95f0c74596bc250dcfd960262841"
dependencies = [
 "autocfg",
 "libm",
]

[[package]]
name = "once_cell"
version = "1.19.0"
source = "registry+https://github.com/rust-lang/crates.io-index"
checksum = "3fdb12b2476b595f9358c5161aa467c2438859caa136dec86c26fdd2efe17b92"

[[package]]
name = "p256"
version = "0.14.0-pre.2"
source = "registry+https://github.com/rust-lang/crates.io-index"
checksum = "71f3fd64a9cad9c26ed7f734b152196d5e56376b9957c832bcca0de48a708080"
dependencies = [
 "ecdsa",
 "elliptic-curve",
 "primeorder",
 "sha2",
]

[[package]]
name = "p384"
version = "0.14.0-pre.2"
source = "registry+https://github.com/rust-lang/crates.io-index"
checksum = "1e19554fe6ee269c860a0f231cbba714e5cbef26a927c75d8e30ac9040a4b32e"
dependencies = [
 "ecdsa",
 "elliptic-curve",
 "primeorder",
 "sha2",
]

[[package]]
name = "pbkdf2"
version = "0.13.0-pre.1"
source = "registry+https://github.com/rust-lang/crates.io-index"
checksum = "85e11753d5193f26dc27ae698e0b536b5e511b7799c5ac475ec10783f26d164a"
dependencies = [
 "digest",
 "hmac",
]

[[package]]
name = "pcsc"
version = "2.8.0"
source = "registry+https://github.com/rust-lang/crates.io-index"
checksum = "37cab0be9d04e808a8d8059fa54befcd71dc8b168f9f0c04bdb7e59832abbab4"
dependencies = [
 "bitflags 1.3.2",
 "pcsc-sys",
]

[[package]]
name = "pcsc-sys"
version = "1.2.0"
source = "registry+https://github.com/rust-lang/crates.io-index"
checksum = "e1b7bfecba2c0f1b5efb0e7caf7533ab1c295024165bcbb066231f60d33e23ea"
dependencies = [
 "pkg-config",
]

[[package]]
name = "pem-rfc7468"
version = "1.0.0-rc.2"
source = "registry+https://github.com/rust-lang/crates.io-index"
checksum = "c2dfbfa5c6f0906884269722c5478e72fd4d6c0e24fe600332c6d62359567ce1"
dependencies = [
 "base64ct",
]

[[package]]
name = "pkcs1"
version = "0.8.0-rc.1"
source = "registry+https://github.com/rust-lang/crates.io-index"
checksum = "226eb25e2c46c166ce498ac0f606ac623142d640064879ff445938accddff1e2"
dependencies = [
 "der",
 "pkcs8",
 "spki",
]

[[package]]
name = "pkcs8"
version = "0.11.0-rc.1"
source = "registry+https://github.com/rust-lang/crates.io-index"
checksum = "eacd2c7141f32aef1cfd1ad0defb5287a3d94592d7ab57c1ae20e3f9f1f0db1f"
dependencies = [
 "der",
 "spki",
]

[[package]]
name = "pkg-config"
version = "0.3.27"
source = "registry+https://github.com/rust-lang/crates.io-index"
checksum = "26072860ba924cbfa98ea39c8c19b4dd6a4a25423dbdf219c1eca91aa0cf6964"

[[package]]
name = "ppv-lite86"
version = "0.2.17"
source = "registry+https://github.com/rust-lang/crates.io-index"
checksum = "5b40af805b3121feab8a3c29f04d8ad262fa8e0561883e7653e024ae4479e6de"

[[package]]
name = "primeorder"
version = "0.14.0-pre.2"
source = "registry+https://github.com/rust-lang/crates.io-index"
checksum = "b794117b388378d55629f78f61e64e182baa200bf59c1a8205e0c46508ce5873"
dependencies = [
 "elliptic-curve",
]

[[package]]
name = "proc-macro2"
version = "1.0.69"
source = "registry+https://github.com/rust-lang/crates.io-index"
checksum = "134c189feb4956b20f6f547d2cf727d4c0fe06722b20a0eec87ed445a97f92da"
dependencies = [
 "unicode-ident",
]

[[package]]
name = "quote"
version = "1.0.33"
source = "registry+https://github.com/rust-lang/crates.io-index"
checksum = "5267fca4496028628a95160fc423a33e8b2e6af8a5302579e322e4b520293cae"
dependencies = [
 "proc-macro2",
]

[[package]]
name = "rand"
version = "0.8.5"
source = "registry+https://github.com/rust-lang/crates.io-index"
checksum = "34af8d1a0e25924bc5b7c43c079c942339d8f0a8b57c39049bef581b46327404"
dependencies = [
 "libc",
 "rand_chacha",
 "rand_core",
]

[[package]]
name = "rand_chacha"
version = "0.3.1"
source = "registry+https://github.com/rust-lang/crates.io-index"
checksum = "e6c10a63a0fa32252be49d21e7709d4d4baf8d231c2dbce1eaa8141b9b127d88"
dependencies = [
 "ppv-lite86",
 "rand_core",
]

[[package]]
name = "rand_core"
version = "0.6.4"
source = "registry+https://github.com/rust-lang/crates.io-index"
checksum = "ec0be4795e2f6a28069bec0b5ff3e2ac9bafc99e6a9a7dc3547996c5c816922c"
dependencies = [
 "getrandom",
]

[[package]]
name = "regex"
version = "1.10.2"
source = "registry+https://github.com/rust-lang/crates.io-index"
checksum = "380b951a9c5e80ddfd6136919eef32310721aa4aacd4889a8d39124b026ab343"
dependencies = [
 "aho-corasick",
 "memchr",
 "regex-automata",
 "regex-syntax",
]

[[package]]
name = "regex-automata"
version = "0.4.3"
source = "registry+https://github.com/rust-lang/crates.io-index"
checksum = "5f804c7828047e88b2d32e2d7fe5a105da8ee3264f01902f796c8e067dc2483f"
dependencies = [
 "aho-corasick",
 "memchr",
 "regex-syntax",
]

[[package]]
name = "regex-syntax"
version = "0.8.2"
source = "registry+https://github.com/rust-lang/crates.io-index"
checksum = "c08c74e62047bb2de4ff487b251e4a92e24f48745648451635cec7d591162d9f"

[[package]]
name = "rfc6979"
version = "0.5.0-pre.4"
source = "registry+https://github.com/rust-lang/crates.io-index"
checksum = "871ee76a3eee98b0f805e5d1caf26929f4565073c580c053a55f886fc15dea49"
dependencies = [
 "hmac",
 "subtle",
]

[[package]]
name = "rsa"
version = "0.10.0-pre.3"
source = "registry+https://github.com/rust-lang/crates.io-index"
checksum = "07058e83b684989ab0559f9e22322f4e3f7e49147834ed0bae40486b9e70473c"
dependencies = [
 "const-oid",
 "digest",
 "num-bigint-dig",
 "num-integer",
 "num-traits",
 "pkcs1",
 "pkcs8",
 "rand_core",
 "sha2",
 "signature",
 "spki",
 "subtle",
 "zeroize",
]

[[package]]
name = "sec1"
version = "0.8.0-rc.3"
source = "registry+https://github.com/rust-lang/crates.io-index"
checksum = "d1988446eff153796413a73669dfaa4caa3f5ce8b25fac89e3821a39c611772e"
dependencies = [
 "base16ct",
 "der",
 "hybrid-array",
 "pkcs8",
 "subtle",
 "zeroize",
]

[[package]]
name = "secrecy"
version = "0.8.0"
source = "registry+https://github.com/rust-lang/crates.io-index"
checksum = "9bd1c54ea06cfd2f6b63219704de0b9b4f72dcc2b8fdef820be6cd799780e91e"
dependencies = [
 "zeroize",
]

[[package]]
name = "serde"
version = "1.0.193"
source = "registry+https://github.com/rust-lang/crates.io-index"
checksum = "25dd9975e68d0cb5aa1120c288333fc98731bd1dd12f561e468ea4728c042b89"
dependencies = [
 "serde_derive",
]

[[package]]
name = "serde_derive"
version = "1.0.193"
source = "registry+https://github.com/rust-lang/crates.io-index"
checksum = "43576ca501357b9b071ac53cdc7da8ef0cbd9493d8df094cd821777ea6e894d3"
dependencies = [
 "proc-macro2",
 "quote",
 "syn",
]

[[package]]
name = "sha1"
version = "0.11.0-pre.4"
source = "registry+https://github.com/rust-lang/crates.io-index"
checksum = "9540978cef7a8498211c1b1c14e5ce920fe5bd524ea84f4a3d72d4602515ae93"
dependencies = [
 "cfg-if",
 "cpufeatures",
 "digest",
]

[[package]]
name = "sha2"
version = "0.11.0-pre.4"
source = "registry+https://github.com/rust-lang/crates.io-index"
checksum = "540c0893cce56cdbcfebcec191ec8e0f470dd1889b6e7a0b503e310a94a168f5"
dependencies = [
 "cfg-if",
 "cpufeatures",
 "digest",
]

[[package]]
name = "signature"
version = "2.3.0-pre.4"
source = "registry+https://github.com/rust-lang/crates.io-index"
checksum = "054d71959c7051b9042c26af337f05cc930575ed2604d7d3ced3158383e59734"
dependencies = [
 "digest",
 "rand_core",
]

[[package]]
name = "smallvec"
version = "1.11.2"
source = "registry+https://github.com/rust-lang/crates.io-index"
checksum = "4dccd0940a2dcdf68d092b8cbab7dc0ad8fa938bf95787e1b916b0e3d0e8e970"

[[package]]
name = "spin"
version = "0.5.2"
source = "registry+https://github.com/rust-lang/crates.io-index"
checksum = "6e63cff320ae2c57904679ba7cb63280a3dc4613885beafb148ee7bf9aa9042d"

[[package]]
name = "spki"
version = "0.8.0-rc.1"
source = "registry+https://github.com/rust-lang/crates.io-index"
checksum = "37ac66481418fd7afdc584adcf3be9aa572cf6c2858814494dc2a01755f050bc"
dependencies = [
 "base64ct",
 "der",
]

[[package]]
name = "strsim"
version = "0.11.1"
source = "registry+https://github.com/rust-lang/crates.io-index"
checksum = "7da8b5736845d9f2fcb837ea5d9e2628564b3b043a70948a3f0b778838c5fb4f"

[[package]]
name = "subtle"
version = "2.6.1"
source = "registry+https://github.com/rust-lang/crates.io-index"
checksum = "13c2bddecc57b384dee18652358fb23172facb8a2c51ccc10d74c157bdea3292"

[[package]]
name = "syn"
version = "2.0.39"
source = "registry+https://github.com/rust-lang/crates.io-index"
checksum = "23e78b90f2fcf45d3e842032ce32e3f2d1545ba6636271dcbf24fa306d87be7a"
dependencies = [
 "proc-macro2",
 "quote",
 "unicode-ident",
]

[[package]]
name = "termcolor"
version = "1.4.1"
source = "registry+https://github.com/rust-lang/crates.io-index"
checksum = "06794f8f6c5c898b3275aebefa6b8a1cb24cd2c6c79397ab15774837a0bc5755"
dependencies = [
 "winapi-util",
]

[[package]]
name = "tls_codec"
version = "0.4.1"
source = "registry+https://github.com/rust-lang/crates.io-index"
checksum = "b5e78c9c330f8c85b2bae7c8368f2739157db9991235123aa1b15ef9502bfb6a"
dependencies = [
 "tls_codec_derive",
 "zeroize",
]

[[package]]
name = "tls_codec_derive"
version = "0.4.1"
source = "registry+https://github.com/rust-lang/crates.io-index"
checksum = "8d9ef545650e79f30233c0003bcc2504d7efac6dad25fca40744de773fe2049c"
dependencies = [
 "proc-macro2",
 "quote",
 "syn",
]

[[package]]
name = "typenum"
version = "1.17.0"
source = "registry+https://github.com/rust-lang/crates.io-index"
checksum = "42ff0bf0c66b8238c6f3b578df37d0b7848e55df8577b3f74f92a69acceeb825"

[[package]]
name = "unicode-ident"
version = "1.0.12"
source = "registry+https://github.com/rust-lang/crates.io-index"
checksum = "3354b9ac3fae1ff6755cb6db53683adb661634f67557942dea4facebec0fee4b"

[[package]]
name = "utf8parse"
version = "0.2.1"
source = "registry+https://github.com/rust-lang/crates.io-index"
checksum = "711b9620af191e0cdc7468a8d14e709c3dcdb115b36f838e601583af800a370a"

[[package]]
name = "uuid"
version = "1.6.1"
source = "registry+https://github.com/rust-lang/crates.io-index"
checksum = "5e395fcf16a7a3d8127ec99782007af141946b4795001f876d54fb0d55978560"
dependencies = [
 "getrandom",
]

[[package]]
name = "wasi"
version = "0.11.0+wasi-snapshot-preview1"
source = "registry+https://github.com/rust-lang/crates.io-index"
checksum = "9c8d87e72b64a3b4db28d11ce29237c246188f4f51057d65a7eab63b7987e423"

[[package]]
name = "winapi"
version = "0.3.9"
source = "registry+https://github.com/rust-lang/crates.io-index"
checksum = "5c839a674fcd7a98952e593242ea400abe93992746761e38641405d28b00f419"
dependencies = [
 "winapi-i686-pc-windows-gnu",
 "winapi-x86_64-pc-windows-gnu",
]

[[package]]
name = "winapi-i686-pc-windows-gnu"
version = "0.4.0"
source = "registry+https://github.com/rust-lang/crates.io-index"
checksum = "ac3b87c63620426dd9b991e5ce0329eff545bccbbb34f3be09ff6fb6ab51b7b6"

[[package]]
name = "winapi-util"
version = "0.1.6"
source = "registry+https://github.com/rust-lang/crates.io-index"
checksum = "f29e6f9198ba0d26b4c9f07dbe6f9ed633e1f3d5b8b414090084349e46a52596"
dependencies = [
 "winapi",
]

[[package]]
name = "winapi-x86_64-pc-windows-gnu"
version = "0.4.0"
source = "registry+https://github.com/rust-lang/crates.io-index"
checksum = "712e227841d057c1ee1cd2fb22fa7e5a5461ae8e48fa2ca79ec42cfc1931183f"

[[package]]
name = "windows-sys"
version = "0.48.0"
source = "registry+https://github.com/rust-lang/crates.io-index"
checksum = "677d2418bec65e3338edb076e806bc1ec15693c5d0104683f2efe857f61056a9"
dependencies = [
 "windows-targets 0.48.5",
]

[[package]]
name = "windows-sys"
version = "0.59.0"
source = "registry+https://github.com/rust-lang/crates.io-index"
checksum = "1e38bc4d79ed67fd075bcc251a1c39b32a1776bbe92e5bef1f0bf1f8c531853b"
dependencies = [
 "windows-targets 0.52.6",
]

[[package]]
name = "windows-targets"
version = "0.48.5"
source = "registry+https://github.com/rust-lang/crates.io-index"
checksum = "9a2fa6e2155d7247be68c096456083145c183cbbbc2764150dda45a87197940c"
dependencies = [
 "windows_aarch64_gnullvm 0.48.5",
 "windows_aarch64_msvc 0.48.5",
 "windows_i686_gnu 0.48.5",
 "windows_i686_msvc 0.48.5",
 "windows_x86_64_gnu 0.48.5",
 "windows_x86_64_gnullvm 0.48.5",
 "windows_x86_64_msvc 0.48.5",
]

[[package]]
name = "windows-targets"
version = "0.52.6"
source = "registry+https://github.com/rust-lang/crates.io-index"
checksum = "9b724f72796e036ab90c1021d4780d4d3d648aca59e491e6b98e725b84e99973"
dependencies = [
 "windows_aarch64_gnullvm 0.52.6",
 "windows_aarch64_msvc 0.52.6",
 "windows_i686_gnu 0.52.6",
 "windows_i686_gnullvm",
 "windows_i686_msvc 0.52.6",
 "windows_x86_64_gnu 0.52.6",
 "windows_x86_64_gnullvm 0.52.6",
 "windows_x86_64_msvc 0.52.6",
]

[[package]]
name = "windows_aarch64_gnullvm"
version = "0.48.5"
source = "registry+https://github.com/rust-lang/crates.io-index"
checksum = "2b38e32f0abccf9987a4e3079dfb67dcd799fb61361e53e2882c3cbaf0d905d8"

[[package]]
name = "windows_aarch64_gnullvm"
version = "0.52.6"
source = "registry+https://github.com/rust-lang/crates.io-index"
checksum = "32a4622180e7a0ec044bb555404c800bc9fd9ec262ec147edd5989ccd0c02cd3"

[[package]]
name = "windows_aarch64_msvc"
version = "0.48.5"
source = "registry+https://github.com/rust-lang/crates.io-index"
checksum = "dc35310971f3b2dbbf3f0690a219f40e2d9afcf64f9ab7cc1be722937c26b4bc"

[[package]]
name = "windows_aarch64_msvc"
version = "0.52.6"
source = "registry+https://github.com/rust-lang/crates.io-index"
checksum = "09ec2a7bb152e2252b53fa7803150007879548bc709c039df7627cabbd05d469"

[[package]]
name = "windows_i686_gnu"
version = "0.48.5"
source = "registry+https://github.com/rust-lang/crates.io-index"
checksum = "a75915e7def60c94dcef72200b9a8e58e5091744960da64ec734a6c6e9b3743e"

[[package]]
name = "windows_i686_gnu"
version = "0.52.6"
source = "registry+https://github.com/rust-lang/crates.io-index"
checksum = "8e9b5ad5ab802e97eb8e295ac6720e509ee4c243f69d781394014ebfe8bbfa0b"

[[package]]
name = "windows_i686_gnullvm"
version = "0.52.6"
source = "registry+https://github.com/rust-lang/crates.io-index"
checksum = "0eee52d38c090b3caa76c563b86c3a4bd71ef1a819287c19d586d7334ae8ed66"

[[package]]
name = "windows_i686_msvc"
version = "0.48.5"
source = "registry+https://github.com/rust-lang/crates.io-index"
checksum = "8f55c233f70c4b27f66c523580f78f1004e8b5a8b659e05a4eb49d4166cca406"

[[package]]
name = "windows_i686_msvc"
version = "0.52.6"
source = "registry+https://github.com/rust-lang/crates.io-index"
checksum = "240948bc05c5e7c6dabba28bf89d89ffce3e303022809e73deaefe4f6ec56c66"

[[package]]
name = "windows_x86_64_gnu"
version = "0.48.5"
source = "registry+https://github.com/rust-lang/crates.io-index"
checksum = "53d40abd2583d23e4718fddf1ebec84dbff8381c07cae67ff7768bbf19c6718e"

[[package]]
name = "windows_x86_64_gnu"
version = "0.52.6"
source = "registry+https://github.com/rust-lang/crates.io-index"
checksum = "147a5c80aabfbf0c7d901cb5895d1de30ef2907eb21fbbab29ca94c5b08b1a78"

[[package]]
name = "windows_x86_64_gnullvm"
version = "0.48.5"
source = "registry+https://github.com/rust-lang/crates.io-index"
checksum = "0b7b52767868a23d5bab768e390dc5f5c55825b6d30b86c844ff2dc7414044cc"

[[package]]
name = "windows_x86_64_gnullvm"
version = "0.52.6"
source = "registry+https://github.com/rust-lang/crates.io-index"
checksum = "24d5b23dc417412679681396f2b49f3de8c1473deb516bd34410872eff51ed0d"

[[package]]
name = "windows_x86_64_msvc"
version = "0.48.5"
source = "registry+https://github.com/rust-lang/crates.io-index"
checksum = "ed94fce61571a4006852b7389a063ab983c02eb1bb37b47f8272ce92d06d9538"

[[package]]
name = "windows_x86_64_msvc"
version = "0.52.6"
source = "registry+https://github.com/rust-lang/crates.io-index"
checksum = "589f6da84c646204747d1270a2a5661ea66ed1cced2631d546fdfb155959f9ec"

[[package]]
name = "x509-cert"
version = "0.3.0-pre.0"
source = "registry+https://github.com/rust-lang/crates.io-index"
checksum = "2db382aa43c1fb5c419a960f72c3847ab0f383f635fc2e25f0bd6c5fb94371d1"
dependencies = [
 "async-signature",
 "const-oid",
 "der",
 "sha1",
 "signature",
 "spki",
 "tls_codec",
]

[[package]]
name = "yubikey"
version = "0.8.0"
dependencies = [
 "base16ct",
 "bitflags 2.5.0",
 "cipher",
 "der",
 "des",
 "ecdsa",
 "elliptic-curve",
 "env_logger",
 "log",
 "nom",
 "num-bigint-dig",
 "num-integer",
 "num-traits",
 "once_cell",
 "p256",
 "p384",
 "pbkdf2",
 "pcsc",
 "rand_core",
 "rsa",
 "secrecy",
 "sha1",
 "sha2",
 "signature",
 "subtle",
 "uuid",
 "x509-cert",
 "zeroize",
]

[[package]]
name = "yubikey-cli"
version = "0.8.0-pre"
dependencies = [
 "base16ct",
 "clap",
 "env_logger",
 "log",
 "once_cell",
 "sha2",
 "termcolor",
 "x509-cert",
 "yubikey",
]

[[package]]
name = "zeroize"
version = "1.8.1"
source = "registry+https://github.com/rust-lang/crates.io-index"
checksum = "ced3678a2879b30306d323f4542626697a464a97c0a07c9aebf7ebca65cd4dde"
dependencies = [
 "zeroize_derive",
]

[[package]]
name = "zeroize_derive"
version = "1.4.2"
source = "registry+https://github.com/rust-lang/crates.io-index"
checksum = "ce36e65b0d2999d2aafac989fb249189a141aee1f53c612c1f37d72631959f69"
dependencies = [
 "proc-macro2",
 "quote",
 "syn",
]
